
Microsoft Visual Studio Solution File, Format Version 12.00
# Visual Studio Version 17
VisualStudioVersion = 17.3.32929.385
MinimumVisualStudioVersion = 10.0.40219.1
Project("{9A19103F-16F7-4668-BE54-9A1E7A4F7556}") = "BombGame", "BombGame\BombGame.csproj", "{668BC8B7-60DC-4589-91FE-74BF8371F7C5}"
EndProject
Project("{9A19103F-16F7-4668-BE54-9A1E7A4F7556}") = "BombGameWPF", "BombGameWPF\BombGameWPF.csproj", "{862A7481-9764-4409-AF89-CC3A1219296B}"
EndProject
Project("{9A19103F-16F7-4668-BE54-9A1E7A4F7556}") = "BombGameTest", "BombGameTest\BombGameTest.csproj", "{F382979F-4C8C-41D0-BEBB-597479FDC482}"
EndProject
Global
	GlobalSection(SolutionConfigurationPlatforms) = preSolution
		Debug|Any CPU = Debug|Any CPU
		Release|Any CPU = Release|Any CPU
	EndGlobalSection
	GlobalSection(ProjectConfigurationPlatforms) = postSolution
		{668BC8B7-60DC-4589-91FE-74BF8371F7C5}.Debug|Any CPU.ActiveCfg = Debug|Any CPU
		{668BC8B7-60DC-4589-91FE-74BF8371F7C5}.Debug|Any CPU.Build.0 = Debug|Any CPU
		{668BC8B7-60DC-4589-91FE-74BF8371F7C5}.Release|Any CPU.ActiveCfg = Release|Any CPU
		{668BC8B7-60DC-4589-91FE-74BF8371F7C5}.Release|Any CPU.Build.0 = Release|Any CPU
		{862A7481-9764-4409-AF89-CC3A1219296B}.Debug|Any CPU.ActiveCfg = Debug|Any CPU
		{862A7481-9764-4409-AF89-CC3A1219296B}.Debug|Any CPU.Build.0 = Debug|Any CPU
		{862A7481-9764-4409-AF89-CC3A1219296B}.Release|Any CPU.ActiveCfg = Release|Any CPU
		{862A7481-9764-4409-AF89-CC3A1219296B}.Release|Any CPU.Build.0 = Release|Any CPU
		{F382979F-4C8C-41D0-BEBB-597479FDC482}.Debug|Any CPU.ActiveCfg = Debug|Any CPU
		{F382979F-4C8C-41D0-BEBB-597479FDC482}.Debug|Any CPU.Build.0 = Debug|Any CPU
		{F382979F-4C8C-41D0-BEBB-597479FDC482}.Release|Any CPU.ActiveCfg = Release|Any CPU
		{F382979F-4C8C-41D0-BEBB-597479FDC482}.Release|Any CPU.Build.0 = Release|Any CPU
	EndGlobalSection
	GlobalSection(SolutionProperties) = preSolution
		HideSolutionNode = FALSE
	EndGlobalSection
	GlobalSection(ExtensibilityGlobals) = postSolution
		SolutionGuid = {70BC8FAB-362A-495E-AA75-446055EC4405}
	EndGlobalSection
EndGlobal
